
Microsoft Visual Studio Solution File, Format Version 11.00
# Visual C# Express 2010
Project("{FAE04EC0-301F-11D3-BF4B-00C04F79EFBC}") = "client", "client\client.csproj", "{89BE8F4C-E989-48A3-9165-7608A1D54117}"
EndProject
Global
	GlobalSection(SolutionConfigurationPlatforms) = preSolution
		Debug|x86 = Debug|x86
		Release|x86 = Release|x86
	EndGlobalSection
	GlobalSection(ProjectConfigurationPlatforms) = postSolution
		{89BE8F4C-E989-48A3-9165-7608A1D54117}.Debug|x86.ActiveCfg = Debug|x86
		{89BE8F4C-E989-48A3-9165-7608A1D54117}.Debug|x86.Build.0 = Debug|x86
		{89BE8F4C-E989-48A3-9165-7608A1D54117}.Release|x86.ActiveCfg = Release|x86
		{89BE8F4C-E989-48A3-9165-7608A1D54117}.Release|x86.Build.0 = Release|x86
	EndGlobalSection
	GlobalSection(SolutionProperties) = preSolution
		HideSolutionNode = FALSE
	EndGlobalSection
EndGlobal
